
Microsoft Visual Studio Solution File, Format Version 12.00
# Visual Studio 2012
Project("{FAE04EC0-301F-11D3-BF4B-00C04F79EFBC}") = "Kinect+BS+CT", "Kinect+BS+CT\Kinect+BS+CT.csproj", "{13D57883-391E-4FB2-89BA-5050627AD36D}"
EndProject
Project("{FAE04EC0-301F-11D3-BF4B-00C04F79EFBC}") = "BackgroundSubstraction", "..\BackgroundSubtraction\BackgroundSubtraction\BackgroundSubstraction.csproj", "{B902B151-7C87-4E46-ADB8-A8042B02AE3C}"
EndProject
Project("{FAE04EC0-301F-11D3-BF4B-00C04F79EFBC}") = "TrackColorForm", "..\ObjectFromColor\TrackColorForm\TrackColorForm.csproj", "{CD4CBC24-FB25-481A-9ECF-433ED0094E7E}"
EndProject
Global
	GlobalSection(SolutionConfigurationPlatforms) = preSolution
		Debug|Any CPU = Debug|Any CPU
		Release|Any CPU = Release|Any CPU
	EndGlobalSection
	GlobalSection(ProjectConfigurationPlatforms) = postSolution
		{13D57883-391E-4FB2-89BA-5050627AD36D}.Debug|Any CPU.ActiveCfg = Debug|Any CPU
		{13D57883-391E-4FB2-89BA-5050627AD36D}.Debug|Any CPU.Build.0 = Debug|Any CPU
		{13D57883-391E-4FB2-89BA-5050627AD36D}.Release|Any CPU.ActiveCfg = Release|Any CPU
		{13D57883-391E-4FB2-89BA-5050627AD36D}.Release|Any CPU.Build.0 = Release|Any CPU
		{B902B151-7C87-4E46-ADB8-A8042B02AE3C}.Debug|Any CPU.ActiveCfg = Debug|Any CPU
		{B902B151-7C87-4E46-ADB8-A8042B02AE3C}.Debug|Any CPU.Build.0 = Debug|Any CPU
		{B902B151-7C87-4E46-ADB8-A8042B02AE3C}.Release|Any CPU.ActiveCfg = Release|Any CPU
		{B902B151-7C87-4E46-ADB8-A8042B02AE3C}.Release|Any CPU.Build.0 = Release|Any CPU
		{CD4CBC24-FB25-481A-9ECF-433ED0094E7E}.Debug|Any CPU.ActiveCfg = Debug|Any CPU
		{CD4CBC24-FB25-481A-9ECF-433ED0094E7E}.Debug|Any CPU.Build.0 = Debug|Any CPU
		{CD4CBC24-FB25-481A-9ECF-433ED0094E7E}.Release|Any CPU.ActiveCfg = Release|Any CPU
		{CD4CBC24-FB25-481A-9ECF-433ED0094E7E}.Release|Any CPU.Build.0 = Release|Any CPU
	EndGlobalSection
	GlobalSection(SolutionProperties) = preSolution
		HideSolutionNode = FALSE
	EndGlobalSection
EndGlobal
